{
  "originHash" : "6da2715d578493fcf59fd6bcd64d75296c1137b6973551bd403a544e097c21bb",
  "pins" : [
    {
      "identity" : "sqliteveckit",
      "kind" : "remoteSourceControl",
      "location" : "https://github.com/carlosypunto/SQLiteVecKit",
      "state" : {
        "revision" : "5addc9c3c1f53e724700bc5345f7405e4093193a",
        "version" : "0.1.0"
      }
    }
  ],
  "version" : 3
}
