{
  "originHash" : "755fdfd140b6ccf3f191d770aad3ebbbd76798d5c7dbb3f1d29dc5681b7ebbde",
  "pins" : [
    {
      "identity" : "sqliteveckit",
      "kind" : "remoteSourceControl",
      "location" : "https://github.com/carlosypunto/SQLiteVecKit",
      "state" : {
        "revision" : "07c446657c25a521ab88475fa1bb899b4d19f5eb",
        "version" : "0.1.1"
      }
    }
  ],
  "version" : 3
}
